
Microsoft Visual Studio Solution File, Format Version 12.00
# Visual Studio Version 16
VisualStudioVersion = 16.0.30804.86
MinimumVisualStudioVersion = 10.0.40219.1
Project("{9A19103F-16F7-4668-BE54-9A1E7A4F7556}") = "XegBlaz", "XegBlaz\XegBlaz.csproj", "{DCC43B29-AAE6-4F38-8BBC-4B6F5AB58B00}"
EndProject
Project("{9A19103F-16F7-4668-BE54-9A1E7A4F7556}") = "XegStar", "XegStar\XegStar.csproj", "{93302F01-2C85-4362-A262-50AD6437D5A4}"
EndProject
Project("{9A19103F-16F7-4668-BE54-9A1E7A4F7556}") = "XegSweeper", "XegSweeper\XegSweeper.csproj", "{F5436F4B-151E-403B-834E-9307847A9571}"
EndProject
Project("{FAE04EC0-301F-11D3-BF4B-00C04F79EFBC}") = "XegBlaz.Test", "XegBlaz.Test\XegBlaz.Test.csproj", "{3CBB3CA6-FA17-49F4-94BE-E636C64DBBBC}"
EndProject
Project("{9A19103F-16F7-4668-BE54-9A1E7A4F7556}") = "XegDoKu", "XegDoKu\XegDoKu.csproj", "{53A08549-F772-4353-8EDB-E5E99D574BB5}"
EndProject
Global
	GlobalSection(SolutionConfigurationPlatforms) = preSolution
		Debug|Any CPU = Debug|Any CPU
		Release|Any CPU = Release|Any CPU
	EndGlobalSection
	GlobalSection(ProjectConfigurationPlatforms) = postSolution
		{DCC43B29-AAE6-4F38-8BBC-4B6F5AB58B00}.Debug|Any CPU.ActiveCfg = Debug|Any CPU
		{DCC43B29-AAE6-4F38-8BBC-4B6F5AB58B00}.Debug|Any CPU.Build.0 = Debug|Any CPU
		{DCC43B29-AAE6-4F38-8BBC-4B6F5AB58B00}.Release|Any CPU.ActiveCfg = Release|Any CPU
		{DCC43B29-AAE6-4F38-8BBC-4B6F5AB58B00}.Release|Any CPU.Build.0 = Release|Any CPU
		{93302F01-2C85-4362-A262-50AD6437D5A4}.Debug|Any CPU.ActiveCfg = Debug|Any CPU
		{93302F01-2C85-4362-A262-50AD6437D5A4}.Debug|Any CPU.Build.0 = Debug|Any CPU
		{93302F01-2C85-4362-A262-50AD6437D5A4}.Release|Any CPU.ActiveCfg = Release|Any CPU
		{93302F01-2C85-4362-A262-50AD6437D5A4}.Release|Any CPU.Build.0 = Release|Any CPU
		{F5436F4B-151E-403B-834E-9307847A9571}.Debug|Any CPU.ActiveCfg = Debug|Any CPU
		{F5436F4B-151E-403B-834E-9307847A9571}.Debug|Any CPU.Build.0 = Debug|Any CPU
		{F5436F4B-151E-403B-834E-9307847A9571}.Release|Any CPU.ActiveCfg = Release|Any CPU
		{F5436F4B-151E-403B-834E-9307847A9571}.Release|Any CPU.Build.0 = Release|Any CPU
		{3CBB3CA6-FA17-49F4-94BE-E636C64DBBBC}.Debug|Any CPU.ActiveCfg = Debug|Any CPU
		{3CBB3CA6-FA17-49F4-94BE-E636C64DBBBC}.Debug|Any CPU.Build.0 = Debug|Any CPU
		{3CBB3CA6-FA17-49F4-94BE-E636C64DBBBC}.Release|Any CPU.ActiveCfg = Release|Any CPU
		{3CBB3CA6-FA17-49F4-94BE-E636C64DBBBC}.Release|Any CPU.Build.0 = Release|Any CPU
		{53A08549-F772-4353-8EDB-E5E99D574BB5}.Debug|Any CPU.ActiveCfg = Debug|Any CPU
		{53A08549-F772-4353-8EDB-E5E99D574BB5}.Debug|Any CPU.Build.0 = Debug|Any CPU
		{53A08549-F772-4353-8EDB-E5E99D574BB5}.Release|Any CPU.ActiveCfg = Release|Any CPU
		{53A08549-F772-4353-8EDB-E5E99D574BB5}.Release|Any CPU.Build.0 = Release|Any CPU
	EndGlobalSection
	GlobalSection(SolutionProperties) = preSolution
		HideSolutionNode = FALSE
	EndGlobalSection
	GlobalSection(ExtensibilityGlobals) = postSolution
		SolutionGuid = {C0A9B795-F725-4C43-B77F-892015A346B2}
	EndGlobalSection
EndGlobal
