
Microsoft Visual Studio Solution File, Format Version 12.00
# Visual Studio Version 16
VisualStudioVersion = 16.0.31019.35
MinimumVisualStudioVersion = 10.0.40219.1
Project("{9A19103F-16F7-4668-BE54-9A1E7A4F7556}") = "XegBlaz", "XegBlaz\XegBlaz.csproj", "{68198A98-757E-40F4-B028-22F2591889BE}"
EndProject
Project("{9A19103F-16F7-4668-BE54-9A1E7A4F7556}") = "XegStar", "XegStar\XegStar.csproj", "{87449C4B-383D-4AEA-9854-02243FC9B641}"
EndProject
Global
	GlobalSection(SolutionConfigurationPlatforms) = preSolution
		Debug|Any CPU = Debug|Any CPU
		Release|Any CPU = Release|Any CPU
	EndGlobalSection
	GlobalSection(ProjectConfigurationPlatforms) = postSolution
		{68198A98-757E-40F4-B028-22F2591889BE}.Debug|Any CPU.ActiveCfg = Debug|Any CPU
		{68198A98-757E-40F4-B028-22F2591889BE}.Debug|Any CPU.Build.0 = Debug|Any CPU
		{68198A98-757E-40F4-B028-22F2591889BE}.Release|Any CPU.ActiveCfg = Release|Any CPU
		{68198A98-757E-40F4-B028-22F2591889BE}.Release|Any CPU.Build.0 = Release|Any CPU
		{87449C4B-383D-4AEA-9854-02243FC9B641}.Debug|Any CPU.ActiveCfg = Debug|Any CPU
		{87449C4B-383D-4AEA-9854-02243FC9B641}.Debug|Any CPU.Build.0 = Debug|Any CPU
		{87449C4B-383D-4AEA-9854-02243FC9B641}.Release|Any CPU.ActiveCfg = Release|Any CPU
		{87449C4B-383D-4AEA-9854-02243FC9B641}.Release|Any CPU.Build.0 = Release|Any CPU
	EndGlobalSection
	GlobalSection(SolutionProperties) = preSolution
		HideSolutionNode = FALSE
	EndGlobalSection
	GlobalSection(ExtensibilityGlobals) = postSolution
		SolutionGuid = {0D8FD4E2-6132-44C3-9915-76AA4F718D50}
	EndGlobalSection
EndGlobal
